
Microsoft Visual Studio Solution File, Format Version 12.00
# Visual Studio 15
VisualStudioVersion = 15.0.28307.852
MinimumVisualStudioVersion = 10.0.40219.1
Project("{FAE04EC0-301F-11D3-BF4B-00C04F79EFBC}") = "WebApi", "WebApi\WebApi.csproj", "{ED7BB988-FD54-4300-BE3D-DA8E6E8630CA}"
EndProject
Global
	GlobalSection(SolutionConfigurationPlatforms) = preSolution
		Debug|Any CPU = Debug|Any CPU
		Release|Any CPU = Release|Any CPU
	EndGlobalSection
	GlobalSection(ProjectConfigurationPlatforms) = postSolution
		{ED7BB988-FD54-4300-BE3D-DA8E6E8630CA}.Debug|Any CPU.ActiveCfg = Debug|Any CPU
		{ED7BB988-FD54-4300-BE3D-DA8E6E8630CA}.Debug|Any CPU.Build.0 = Debug|Any CPU
		{ED7BB988-FD54-4300-BE3D-DA8E6E8630CA}.Release|Any CPU.ActiveCfg = Release|Any CPU
		{ED7BB988-FD54-4300-BE3D-DA8E6E8630CA}.Release|Any CPU.Build.0 = Release|Any CPU
	EndGlobalSection
	GlobalSection(SolutionProperties) = preSolution
		HideSolutionNode = FALSE
	EndGlobalSection
	GlobalSection(ExtensibilityGlobals) = postSolution
		SolutionGuid = {A2784685-3D87-4A83-B757-31F503D98A0B}
	EndGlobalSection
EndGlobal
